<?xml version="1.0" encoding="utf-8"?>
<Project ToolsVersion="4.0" xmlns="http://schemas.microsoft.com/developer/msbuild/2003">
  <ItemGroup>
    <Filter Include="Header Files">
      <UniqueIdentifier>{93995380-89BD-4b04-88EB-625FBE52EBFB}</UniqueIdentifier>
      <Extensions>h;hh;hpp;hxx;hm;inl;inc;ipp;xsd</Extensions>
    </Filter>
    <Filter Include="Header Files\Common">
      <UniqueIdentifier>{b13742e9-63fa-4f29-90a5-0155994d5cd8}</UniqueIdentifier>
    </Filter>
    <Filter Include="Header Files\Tests">
      <UniqueIdentifier>{c4332912-66ce-48a9-bee0-d092aee9eba5}</UniqueIdentifier>
    </Filter>
    <Filter Include="Resource Files">
      <UniqueIdentifier>{67DA6AB6-F800-4c08-8B7A-83BB121AAD01}</UniqueIdentifier>
      <Extensions>rc;ico;cur;bmp;dlg;rc2;rct;bin;rgs;gif;jpg;jpeg;jpe;resx;tiff;tif;png;wav;mfcribbon-ms</Extensions>
    </Filter>
    <Filter Include="Source Files">
      <UniqueIdentifier>{4FC737F1-C7A5-4376-A066-2A32D752A2FF}</UniqueIdentifier>
      <Extensions>cpp;c;cc;cxx;def;odl;idl;hpj;bat;asm;asmx</Extensions>
    </Filter>
    <Filter Include="Source Files\Common">
      <UniqueIdentifier>{5237e48f-d5f8-46aa-bd90-e079a4de8005}</UniqueIdentifier>
    </Filter>
    <Filter Include="Source Files\Tests">
      <UniqueIdentifier>{159adb40-c5f1-4aa3-8d4d-61399751937f}</UniqueIdentifier>
    </Filter>
    <Filter Include="Header Files\Tests\X509">
      <UniqueIdentifier>{665a6eda-06a8-4daa-ad2f-8a1d1743b176}</UniqueIdentifier>
    </Filter>
    <Filter Include="Source Files\Tests\X509">
      <UniqueIdentifier>{4636937c-18ea-4f6c-82b6-374e87777733}</UniqueIdentifier>
    </Filter>
    <Filter Include="Header Files\Tests\TLS">
      <UniqueIdentifier>{9aadea40-a3df-42dc-9984-f2b1f2ebe26d}</UniqueIdentifier>
    </Filter>
    <Filter Include="Source Files\Tests\TLS">
      <UniqueIdentifier>{1c5ea0cb-897d-46d5-ac9b-9fc0bf7cb4be}</UniqueIdentifier>
    </Filter>
  </ItemGroup>
  <ItemGroup>
    <ClCompile Include="qsc_test.c">
      <Filter>Source Files</Filter>
    </ClCompile>
    <ClCompile Include="mceliece_test.c">
      <Filter>Source Files\Tests</Filter>
    </ClCompile>
    <ClCompile Include="chacha_test.c">
      <Filter>Source Files\Tests</Filter>
    </ClCompile>
    <ClCompile Include="sha2_test.c">
      <Filter>Source Files\Tests</Filter>
    </ClCompile>
    <ClCompile Include="sha3_test.c">
      <Filter>Source Files\Tests</Filter>
    </ClCompile>
    <ClCompile Include="nistrng.c">
      <Filter>Source Files\Common</Filter>
    </ClCompile>
    <ClCompile Include="testutils.c">
      <Filter>Source Files\Common</Filter>
    </ClCompile>
    <ClCompile Include="kyber_test.c">
      <Filter>Source Files\Tests</Filter>
    </ClCompile>
    <ClCompile Include="dilithium_test.c">
      <Filter>Source Files\Tests</Filter>
    </ClCompile>
    <ClCompile Include="sphincsplus_test.c">
      <Filter>Source Files\Tests</Filter>
    </ClCompile>
    <ClCompile Include="rcs_test.c">
      <Filter>Source Files\Tests</Filter>
    </ClCompile>
    <ClCompile Include="secrand_test.c">
      <Filter>Source Files\Tests</Filter>
    </ClCompile>
    <ClCompile Include="csx_test.c">
      <Filter>Source Files\Tests</Filter>
    </ClCompile>
    <ClCompile Include="eddh_test.c">
      <Filter>Source Files\Tests</Filter>
    </ClCompile>
    <ClCompile Include="eddsa_test.c">
      <Filter>Source Files\Tests</Filter>
    </ClCompile>
    <ClCompile Include="timer.c">
      <Filter>Source Files\Common</Filter>
    </ClCompile>
    <ClCompile Include="benchmark.c">
      <Filter>Source Files\Tests</Filter>
    </ClCompile>
    <ClCompile Include="katparser.c">
      <Filter>Source Files\Common</Filter>
    </ClCompile>
    <ClCompile Include="aes_test.c">
      <Filter>Source Files\Tests</Filter>
    </ClCompile>
    <ClCompile Include="aesavs_test.c">
      <Filter>Source Files\Tests</Filter>
    </ClCompile>
    <ClCompile Include="async_test.c">
      <Filter>Source Files\Tests</Filter>
    </ClCompile>
    <ClCompile Include="netutils_test.c">
      <Filter>Source Files\Tests</Filter>
    </ClCompile>
    <ClCompile Include="scb_test.c">
      <Filter>Source Files\Tests</Filter>
    </ClCompile>
    <ClCompile Include="encoding_test.c">
      <Filter>Source Files\Tests</Filter>
    </ClCompile>
    <ClCompile Include="poly1305_test.c">
      <Filter>Source Files\Tests</Filter>
    </ClCompile>
    <ClCompile Include="qmac_test.c">
      <Filter>Source Files\Tests</Filter>
    </ClCompile>
    <ClCompile Include="falcon_test.c">
      <Filter>Source Files\Tests</Filter>
    </ClCompile>
    <ClCompile Include="ecdsa_test.c">
      <Filter>Source Files\Tests</Filter>
    </ClCompile>
    <ClCompile Include="hqc_test.c">
      <Filter>Source Files\Tests</Filter>
    </ClCompile>
    <ClCompile Include="x509_test.c">
      <Filter>Source Files\Tests</Filter>
    </ClCompile>
    <ClCompile Include="X509\x509_stage1_tests.c">
      <Filter>Source Files\Tests\X509</Filter>
    </ClCompile>
    <ClCompile Include="X509\x509_stage2a_csr_tests.c">
      <Filter>Source Files\Tests\X509</Filter>
    </ClCompile>
    <ClCompile Include="X509\x509_stage2b_pem_tests.c">
      <Filter>Source Files\Tests\X509</Filter>
    </ClCompile>
    <ClCompile Include="X509\x509_stage2c_crl_tests.c">
      <Filter>Source Files\Tests\X509</Filter>
    </ClCompile>
    <ClCompile Include="X509\x509_stage2d_negative_validation_tests.c">
      <Filter>Source Files\Tests\X509</Filter>
    </ClCompile>
    <ClCompile Include="X509\x509_stage3_positive_interop_tests.c">
      <Filter>Source Files\Tests\X509</Filter>
    </ClCompile>
    <ClCompile Include="X509\x509_test_helper.c">
      <Filter>Source Files\Tests\X509</Filter>
    </ClCompile>
    <ClCompile Include="X509\x509_stage4b_pqc_tests.c">
      <Filter>Source Files\Tests\X509</Filter>
    </ClCompile>
    <ClCompile Include="X509\x509_stage4a_encoding_tests.c">
      <Filter>Source Files\Tests\X509</Filter>
    </ClCompile>
    <ClCompile Include="ecdh_test.c">
      <Filter>Source Files\Tests</Filter>
    </ClCompile>
    <ClCompile Include="tls_test.c">
      <Filter>Source Files\Tests</Filter>
    </ClCompile>
    <ClCompile Include="TLS\tls_stage1_codec_extension_tests.c">
      <Filter>Source Files\Tests\TLS</Filter>
    </ClCompile>
    <ClCompile Include="TLS\tls_stage2_certificate_tests.c">
      <Filter>Source Files\Tests\TLS</Filter>
    </ClCompile>
    <ClCompile Include="TLS\tls_stage3_keyupdate_tests.c">
      <Filter>Source Files\Tests\TLS</Filter>
    </ClCompile>
    <ClCompile Include="TLS\tls_stage4_enum_equivalence_tests.c">
      <Filter>Source Files\Tests\TLS</Filter>
    </ClCompile>
    <ClCompile Include="TLS\tls_stage5_subsystem_tests.c">
      <Filter>Source Files\Tests\TLS</Filter>
    </ClCompile>
    <ClCompile Include="TLS\tls_stage6_session_resumption_tests.c">
      <Filter>Source Files\Tests\TLS</Filter>
    </ClCompile>
    <ClCompile Include="TLS\tls_stage7_hrr_tests.c">
      <Filter>Source Files\Tests\TLS</Filter>
    </ClCompile>
    <ClCompile Include="TLS\tls_stage8_vector_tests.c">
      <Filter>Source Files\Tests\TLS</Filter>
    </ClCompile>
    <ClCompile Include="TLS\tls_stage9_tlscert_x509_tests.c">
      <Filter>Source Files\Tests\TLS</Filter>
    </ClCompile>
    <ClCompile Include="TLS\tls_stage10_0rtt_tests.c">
      <Filter>Source Files\Tests\TLS</Filter>
    </ClCompile>
    <ClCompile Include="TLS\tls_stage11_ecdsa_der_tests.c">
      <Filter>Source Files\Tests\TLS</Filter>
    </ClCompile>
    <ClCompile Include="TLS\tls_stage12_ecdsa_signer_tests.c">
      <Filter>Source Files\Tests\TLS</Filter>
    </ClCompile>
    <ClCompile Include="TLS\tls_stage13_secp256r1_tests.c">
      <Filter>Source Files\Tests\TLS</Filter>
    </ClCompile>
    <ClCompile Include="TLS\tls_stage14_e2e_tests.c">
      <Filter>Source Files\Tests\TLS</Filter>
    </ClCompile>
    <ClCompile Include="TLS\tls_stage15_truststore_tests.c">
      <Filter>Source Files\Tests\TLS</Filter>
    </ClCompile>
    <ClCompile Include="TLS\tls_stage16_psk_codec_tests.c">
      <Filter>Source Files\Tests\TLS</Filter>
    </ClCompile>
    <ClCompile Include="TLS\tls_stage17_multi_suite_tests.c">
      <Filter>Source Files\Tests\TLS</Filter>
    </ClCompile>
    <ClCompile Include="TLS\tls_stage18_0rtt_resumption_tests.c">
      <Filter>Source Files\Tests\TLS</Filter>
    </ClCompile>
    <ClCompile Include="TLS\tls_stage19_socket_wrapper_tests.c">
      <Filter>Source Files\Tests\TLS</Filter>
    </ClCompile>
    <ClCompile Include="TLS\tls_stage20_alpn_tests.c">
      <Filter>Source Files\Tests\TLS</Filter>
    </ClCompile>
    <ClCompile Include="TLS\tls_stage21_sni_tests.c">
      <Filter>Source Files\Tests\TLS</Filter>
    </ClCompile>
    <ClCompile Include="TLS\tls_stage22_mtls_authorization_tests.c">
      <Filter>Source Files\Tests\TLS</Filter>
    </ClCompile>
    <ClCompile Include="TLS\tls_stage23_peer_info_tests.c">
      <Filter>Source Files\Tests\TLS</Filter>
    </ClCompile>
    <ClCompile Include="TLS\tls_stage24_ticket_policy_tests.c">
      <Filter>Source Files\Tests\TLS</Filter>
    </ClCompile>
    <ClCompile Include="TLS\tls_stage25_framed_message_tests.c">
      <Filter>Source Files\Tests\TLS</Filter>
    </ClCompile>
    <ClCompile Include="TLS\tls_stage26_record_fragmentation_tests.c">
      <Filter>Source Files\Tests\TLS</Filter>
    </ClCompile>
    <ClCompile Include="TLS\tls_stage27_socket_options_tests.c">
      <Filter>Source Files\Tests\TLS</Filter>
    </ClCompile>
    <ClCompile Include="TLS\tls_stage28_concurrent_shutdown_tests.c">
      <Filter>Source Files\Tests\TLS</Filter>
    </ClCompile>
    <ClCompile Include="TLS\tls_stage29_negative_x509_tests.c">
      <Filter>Source Files\Tests\TLS</Filter>
    </ClCompile>
    <ClCompile Include="pbmac1_test.c">
      <Filter>Source Files\Tests</Filter>
    </ClCompile>
  </ItemGroup>
  <ItemGroup>
    <ClInclude Include="mceliece_test.h">
      <Filter>Header Files\Tests</Filter>
    </ClInclude>
    <ClInclude Include="qsctestcommon.h">
      <Filter>Header Files\Common</Filter>
    </ClInclude>
    <ClInclude Include="chacha_test.h">
      <Filter>Header Files\Tests</Filter>
    </ClInclude>
    <ClInclude Include="sha2_test.h">
      <Filter>Header Files\Tests</Filter>
    </ClInclude>
    <ClInclude Include="sha3_test.h">
      <Filter>Header Files\Tests</Filter>
    </ClInclude>
    <ClInclude Include="nistrng.h">
      <Filter>Header Files\Common</Filter>
    </ClInclude>
    <ClInclude Include="testutils.h">
      <Filter>Header Files\Common</Filter>
    </ClInclude>
    <ClInclude Include="kyber_test.h">
      <Filter>Header Files\Tests</Filter>
    </ClInclude>
    <ClInclude Include="dilithium_test.h">
      <Filter>Header Files\Tests</Filter>
    </ClInclude>
    <ClInclude Include="sphincsplus_test.h">
      <Filter>Header Files\Tests</Filter>
    </ClInclude>
    <ClInclude Include="rcs_test.h">
      <Filter>Header Files\Tests</Filter>
    </ClInclude>
    <ClInclude Include="secrand_test.h">
      <Filter>Header Files\Tests</Filter>
    </ClInclude>
    <ClInclude Include="csx_test.h">
      <Filter>Header Files\Tests</Filter>
    </ClInclude>
    <ClInclude Include="eddh_test.h">
      <Filter>Header Files\Tests</Filter>
    </ClInclude>
    <ClInclude Include="eddsa_test.h">
      <Filter>Header Files\Tests</Filter>
    </ClInclude>
    <ClInclude Include="timer.h">
      <Filter>Header Files\Common</Filter>
    </ClInclude>
    <ClInclude Include="benchmark.h">
      <Filter>Header Files\Tests</Filter>
    </ClInclude>
    <ClInclude Include="katparser.h">
      <Filter>Header Files\Common</Filter>
    </ClInclude>
    <ClInclude Include="aes_test.h">
      <Filter>Header Files\Tests</Filter>
    </ClInclude>
    <ClInclude Include="aesavs_test.h">
      <Filter>Header Files\Tests</Filter>
    </ClInclude>
    <ClInclude Include="async_test.h">
      <Filter>Header Files\Tests</Filter>
    </ClInclude>
    <ClInclude Include="netutils_test.h">
      <Filter>Header Files\Tests</Filter>
    </ClInclude>
    <ClInclude Include="scb_test.h">
      <Filter>Header Files\Tests</Filter>
    </ClInclude>
    <ClInclude Include="encoding_test.h">
      <Filter>Header Files\Tests</Filter>
    </ClInclude>
    <ClInclude Include="poly1305_test.h">
      <Filter>Header Files\Tests</Filter>
    </ClInclude>
    <ClInclude Include="qmac_test.h">
      <Filter>Header Files\Tests</Filter>
    </ClInclude>
    <ClInclude Include="falcon_test.h">
      <Filter>Header Files\Tests</Filter>
    </ClInclude>
    <ClInclude Include="ecdsa_test.h">
      <Filter>Header Files\Tests</Filter>
    </ClInclude>
    <ClInclude Include="hqc_test.h">
      <Filter>Header Files\Tests</Filter>
    </ClInclude>
    <ClInclude Include="x509_test.h">
      <Filter>Header Files\Tests</Filter>
    </ClInclude>
    <ClInclude Include="X509\x509_stage1_tests.h">
      <Filter>Header Files\Tests\X509</Filter>
    </ClInclude>
    <ClInclude Include="X509\x509_stage2a_csr_tests.h">
      <Filter>Header Files\Tests\X509</Filter>
    </ClInclude>
    <ClInclude Include="X509\x509_stage2b_pem_tests.h">
      <Filter>Header Files\Tests\X509</Filter>
    </ClInclude>
    <ClInclude Include="X509\x509_stage3_positive_interop_tests.h">
      <Filter>Header Files\Tests\X509</Filter>
    </ClInclude>
    <ClInclude Include="X509\x509_stage2d_negative_validation_tests.h">
      <Filter>Header Files\Tests\X509</Filter>
    </ClInclude>
    <ClInclude Include="X509\x509_stage2c_crl_tests.h">
      <Filter>Header Files\Tests\X509</Filter>
    </ClInclude>
    <ClInclude Include="X509\x509_test_helper.h">
      <Filter>Header Files\Tests\X509</Filter>
    </ClInclude>
    <ClInclude Include="X509\x509_stage4b_pqc_tests.h">
      <Filter>Header Files\Tests\X509</Filter>
    </ClInclude>
    <ClInclude Include="X509\x509_stage4a_encoding_tests.h">
      <Filter>Header Files\Tests\X509</Filter>
    </ClInclude>
    <ClInclude Include="ecdh_test.h">
      <Filter>Header Files\Tests</Filter>
    </ClInclude>
    <ClInclude Include="tls_test.h">
      <Filter>Header Files\Tests</Filter>
    </ClInclude>
    <ClInclude Include="TLS\tls_stage1_codec_extension_tests.h">
      <Filter>Header Files\Tests\TLS</Filter>
    </ClInclude>
    <ClInclude Include="TLS\tls_stage2_certificate_tests.h">
      <Filter>Header Files\Tests\TLS</Filter>
    </ClInclude>
    <ClInclude Include="TLS\tls_stage3_keyupdate_tests.h">
      <Filter>Header Files\Tests\TLS</Filter>
    </ClInclude>
    <ClInclude Include="TLS\tls_stage4_enum_equivalence_tests.h">
      <Filter>Header Files\Tests\TLS</Filter>
    </ClInclude>
    <ClInclude Include="TLS\tls_stage5_subsystem_tests.h">
      <Filter>Header Files\Tests\TLS</Filter>
    </ClInclude>
    <ClInclude Include="TLS\tls_stage6_session_resumption_tests.h">
      <Filter>Header Files\Tests\TLS</Filter>
    </ClInclude>
    <ClInclude Include="TLS\tls_stage7_hrr_tests.h">
      <Filter>Header Files\Tests\TLS</Filter>
    </ClInclude>
    <ClInclude Include="TLS\tls_stage9_tlscert_x509_tests.h">
      <Filter>Header Files\Tests\TLS</Filter>
    </ClInclude>
    <ClInclude Include="TLS\tls_stage8_vector_tests.h">
      <Filter>Header Files\Tests\TLS</Filter>
    </ClInclude>
    <ClInclude Include="TLS\tls_stage10_0rtt_tests.h">
      <Filter>Header Files\Tests\TLS</Filter>
    </ClInclude>
    <ClInclude Include="TLS\tls_stage11_ecdsa_der_tests.h">
      <Filter>Header Files\Tests\TLS</Filter>
    </ClInclude>
    <ClInclude Include="TLS\tls_stage14_e2e_tests.h">
      <Filter>Header Files\Tests\TLS</Filter>
    </ClInclude>
    <ClInclude Include="TLS\tls_stage13_secp256r1_tests.h">
      <Filter>Header Files\Tests\TLS</Filter>
    </ClInclude>
    <ClInclude Include="TLS\tls_stage12_ecdsa_signer_tests.h">
      <Filter>Header Files\Tests\TLS</Filter>
    </ClInclude>
    <ClInclude Include="TLS\tls_stage15_truststore_tests.h">
      <Filter>Header Files\Tests\TLS</Filter>
    </ClInclude>
    <ClInclude Include="TLS\tls_stage16_psk_codec_tests.h">
      <Filter>Header Files\Tests\TLS</Filter>
    </ClInclude>
    <ClInclude Include="TLS\tls_stage17_multi_suite_tests.h">
      <Filter>Header Files\Tests\TLS</Filter>
    </ClInclude>
    <ClInclude Include="TLS\tls_stage18_0rtt_resumption_tests.h">
      <Filter>Header Files\Tests\TLS</Filter>
    </ClInclude>
    <ClInclude Include="TLS\tls_stage19_socket_wrapper_tests.h">
      <Filter>Header Files\Tests\TLS</Filter>
    </ClInclude>
    <ClInclude Include="TLS\tls_stage20_alpn_tests.h">
      <Filter>Header Files\Tests\TLS</Filter>
    </ClInclude>
    <ClInclude Include="TLS\tls_stage21_sni_tests.h">
      <Filter>Header Files\Tests\TLS</Filter>
    </ClInclude>
    <ClInclude Include="TLS\tls_stage22_mtls_authorization_tests.h">
      <Filter>Header Files\Tests\TLS</Filter>
    </ClInclude>
    <ClInclude Include="TLS\tls_stage23_peer_info_tests.h">
      <Filter>Header Files\Tests\TLS</Filter>
    </ClInclude>
    <ClInclude Include="TLS\tls_stage24_ticket_policy_tests.h">
      <Filter>Header Files\Tests\TLS</Filter>
    </ClInclude>
    <ClInclude Include="TLS\tls_stage25_framed_message_tests.h">
      <Filter>Header Files\Tests\TLS</Filter>
    </ClInclude>
    <ClInclude Include="TLS\tls_stage26_record_fragmentation_tests.h">
      <Filter>Header Files\Tests\TLS</Filter>
    </ClInclude>
    <ClInclude Include="TLS\tls_stage27_socket_options_tests.h">
      <Filter>Header Files\Tests\TLS</Filter>
    </ClInclude>
    <ClInclude Include="TLS\tls_stage28_concurrent_shutdown_tests.h">
      <Filter>Header Files\Tests\TLS</Filter>
    </ClInclude>
    <ClInclude Include="TLS\tls_stage29_negative_x509_tests.h">
      <Filter>Header Files\Tests\TLS</Filter>
    </ClInclude>
    <ClInclude Include="pbmac1_test.h">
      <Filter>Header Files\Tests</Filter>
    </ClInclude>
  </ItemGroup>
</Project>