<?xml version="1.0" encoding="utf-8"?>
<Project ToolsVersion="4.0" xmlns="http://schemas.microsoft.com/developer/msbuild/2003">
  <ItemGroup>
    <Filter Include="Header Files">
      <UniqueIdentifier>{93995380-89BD-4b04-88EB-625FBE52EBFB}</UniqueIdentifier>
      <Extensions>h;hh;hpp;hxx;hm;inl;inc;ipp;xsd</Extensions>
    </Filter>
    <Filter Include="Header Files\Common">
      <UniqueIdentifier>{b13742e9-63fa-4f29-90a5-0155994d5cd8}</UniqueIdentifier>
    </Filter>
    <Filter Include="Header Files\Tests">
      <UniqueIdentifier>{c4332912-66ce-48a9-bee0-d092aee9eba5}</UniqueIdentifier>
    </Filter>
    <Filter Include="Resource Files">
      <UniqueIdentifier>{67DA6AB6-F800-4c08-8B7A-83BB121AAD01}</UniqueIdentifier>
      <Extensions>rc;ico;cur;bmp;dlg;rc2;rct;bin;rgs;gif;jpg;jpeg;jpe;resx;tiff;tif;png;wav;mfcribbon-ms</Extensions>
    </Filter>
    <Filter Include="Source Files">
      <UniqueIdentifier>{4FC737F1-C7A5-4376-A066-2A32D752A2FF}</UniqueIdentifier>
      <Extensions>cpp;c;cc;cxx;def;odl;idl;hpj;bat;asm;asmx</Extensions>
    </Filter>
    <Filter Include="Source Files\Common">
      <UniqueIdentifier>{5237e48f-d5f8-46aa-bd90-e079a4de8005}</UniqueIdentifier>
    </Filter>
    <Filter Include="Source Files\Tests">
      <UniqueIdentifier>{159adb40-c5f1-4aa3-8d4d-61399751937f}</UniqueIdentifier>
    </Filter>
  </ItemGroup>
  <ItemGroup>
    <ClCompile Include="qsc_test.c">
      <Filter>Source Files</Filter>
    </ClCompile>
    <ClCompile Include="mceliece_test.c">
      <Filter>Source Files\Tests</Filter>
    </ClCompile>
    <ClCompile Include="chacha_test.c">
      <Filter>Source Files\Tests</Filter>
    </ClCompile>
    <ClCompile Include="sha2_test.c">
      <Filter>Source Files\Tests</Filter>
    </ClCompile>
    <ClCompile Include="sha3_test.c">
      <Filter>Source Files\Tests</Filter>
    </ClCompile>
    <ClCompile Include="nistrng.c">
      <Filter>Source Files\Common</Filter>
    </ClCompile>
    <ClCompile Include="testutils.c">
      <Filter>Source Files\Common</Filter>
    </ClCompile>
    <ClCompile Include="kyber_test.c">
      <Filter>Source Files\Tests</Filter>
    </ClCompile>
    <ClCompile Include="dilithium_test.c">
      <Filter>Source Files\Tests</Filter>
    </ClCompile>
    <ClCompile Include="sphincsplus_test.c">
      <Filter>Source Files\Tests</Filter>
    </ClCompile>
    <ClCompile Include="rcs_test.c">
      <Filter>Source Files\Tests</Filter>
    </ClCompile>
    <ClCompile Include="secrand_test.c">
      <Filter>Source Files\Tests</Filter>
    </ClCompile>
    <ClCompile Include="csx_test.c">
      <Filter>Source Files\Tests</Filter>
    </ClCompile>
    <ClCompile Include="ecdh_test.c">
      <Filter>Source Files\Tests</Filter>
    </ClCompile>
    <ClCompile Include="ecdsa_test.c">
      <Filter>Source Files\Tests</Filter>
    </ClCompile>
    <ClCompile Include="timer.c">
      <Filter>Source Files\Common</Filter>
    </ClCompile>
    <ClCompile Include="benchmark.c">
      <Filter>Source Files\Tests</Filter>
    </ClCompile>
    <ClCompile Include="katparser.c">
      <Filter>Source Files\Common</Filter>
    </ClCompile>
    <ClCompile Include="ntru_test.c">
      <Filter>Source Files\Tests</Filter>
    </ClCompile>
    <ClCompile Include="falcon_test.c">
      <Filter>Source Files\Tests</Filter>
    </ClCompile>
    <ClCompile Include="aes_test.c">
      <Filter>Source Files\Tests</Filter>
    </ClCompile>
    <ClCompile Include="aesavs_test.c">
      <Filter>Source Files\Tests</Filter>
    </ClCompile>
    <ClCompile Include="async_test.c">
      <Filter>Source Files\Tests</Filter>
    </ClCompile>
    <ClCompile Include="netutils_test.c">
      <Filter>Source Files\Tests</Filter>
    </ClCompile>
    <ClCompile Include="scb_test.c">
      <Filter>Source Files\Tests</Filter>
    </ClCompile>
    <ClCompile Include="qmac_test.c">
      <Filter>Source Files\Tests</Filter>
    </ClCompile>
    <ClCompile Include="encoding_test.c">
      <Filter>Source Files\Tests</Filter>
    </ClCompile>
    <ClCompile Include="poly1305_test.c">
      <Filter>Source Files\Tests</Filter>
    </ClCompile>
  </ItemGroup>
  <ItemGroup>
    <ClInclude Include="mceliece_test.h">
      <Filter>Header Files\Tests</Filter>
    </ClInclude>
    <ClInclude Include="common.h">
      <Filter>Header Files\Common</Filter>
    </ClInclude>
    <ClInclude Include="chacha_test.h">
      <Filter>Header Files\Tests</Filter>
    </ClInclude>
    <ClInclude Include="sha2_test.h">
      <Filter>Header Files\Tests</Filter>
    </ClInclude>
    <ClInclude Include="sha3_test.h">
      <Filter>Header Files\Tests</Filter>
    </ClInclude>
    <ClInclude Include="nistrng.h">
      <Filter>Header Files\Common</Filter>
    </ClInclude>
    <ClInclude Include="testutils.h">
      <Filter>Header Files\Common</Filter>
    </ClInclude>
    <ClInclude Include="kyber_test.h">
      <Filter>Header Files\Tests</Filter>
    </ClInclude>
    <ClInclude Include="dilithium_test.h">
      <Filter>Header Files\Tests</Filter>
    </ClInclude>
    <ClInclude Include="sphincsplus_test.h">
      <Filter>Header Files\Tests</Filter>
    </ClInclude>
    <ClInclude Include="rcs_test.h">
      <Filter>Header Files\Tests</Filter>
    </ClInclude>
    <ClInclude Include="secrand_test.h">
      <Filter>Header Files\Tests</Filter>
    </ClInclude>
    <ClInclude Include="csx_test.h">
      <Filter>Header Files\Tests</Filter>
    </ClInclude>
    <ClInclude Include="ecdh_test.h">
      <Filter>Header Files\Tests</Filter>
    </ClInclude>
    <ClInclude Include="ecdsa_test.h">
      <Filter>Header Files\Tests</Filter>
    </ClInclude>
    <ClInclude Include="timer.h">
      <Filter>Header Files\Common</Filter>
    </ClInclude>
    <ClInclude Include="benchmark.h">
      <Filter>Header Files\Tests</Filter>
    </ClInclude>
    <ClInclude Include="katparser.h">
      <Filter>Header Files\Common</Filter>
    </ClInclude>
    <ClInclude Include="ntru_test.h">
      <Filter>Header Files\Tests</Filter>
    </ClInclude>
    <ClInclude Include="falcon_test.h">
      <Filter>Header Files\Tests</Filter>
    </ClInclude>
    <ClInclude Include="aes_test.h">
      <Filter>Header Files\Tests</Filter>
    </ClInclude>
    <ClInclude Include="aesavs_test.h">
      <Filter>Header Files\Tests</Filter>
    </ClInclude>
    <ClInclude Include="async_test.h">
      <Filter>Header Files\Tests</Filter>
    </ClInclude>
    <ClInclude Include="netutils_test.h">
      <Filter>Header Files\Tests</Filter>
    </ClInclude>
    <ClInclude Include="scb_test.h">
      <Filter>Header Files\Tests</Filter>
    </ClInclude>
    <ClInclude Include="qmac_test.h">
      <Filter>Header Files\Tests</Filter>
    </ClInclude>
    <ClInclude Include="encoding_test.h">
      <Filter>Header Files\Tests</Filter>
    </ClInclude>
    <ClInclude Include="poly1305_test.h">
      <Filter>Header Files\Tests</Filter>
    </ClInclude>
  </ItemGroup>
</Project>