
Microsoft Visual Studio Solution File, Format Version 12.00
# Visual Studio Version 16
VisualStudioVersion = 16.0.28922.388
MinimumVisualStudioVersion = 10.0.40219.1
Project("{8BC9CEB8-8B4A-11D0-8D11-00A0C91BC942}") = "SphincsPlus", "SphincsPlus.vcxproj", "{3607E8E0-2FB7-4190-BEEB-3C64048AA08B}"
EndProject
Global
	GlobalSection(SolutionConfigurationPlatforms) = preSolution
		Debug|x64 = Debug|x64
		Debug|x86 = Debug|x86
		Release|x64 = Release|x64
		Release|x86 = Release|x86
	EndGlobalSection
	GlobalSection(ProjectConfigurationPlatforms) = postSolution
		{3607E8E0-2FB7-4190-BEEB-3C64048AA08B}.Debug|x64.ActiveCfg = Debug|x64
		{3607E8E0-2FB7-4190-BEEB-3C64048AA08B}.Debug|x64.Build.0 = Debug|x64
		{3607E8E0-2FB7-4190-BEEB-3C64048AA08B}.Debug|x86.ActiveCfg = Debug|Win32
		{3607E8E0-2FB7-4190-BEEB-3C64048AA08B}.Debug|x86.Build.0 = Debug|Win32
		{3607E8E0-2FB7-4190-BEEB-3C64048AA08B}.Release|x64.ActiveCfg = Release|x64
		{3607E8E0-2FB7-4190-BEEB-3C64048AA08B}.Release|x64.Build.0 = Release|x64
		{3607E8E0-2FB7-4190-BEEB-3C64048AA08B}.Release|x86.ActiveCfg = Release|Win32
		{3607E8E0-2FB7-4190-BEEB-3C64048AA08B}.Release|x86.Build.0 = Release|Win32
	EndGlobalSection
	GlobalSection(SolutionProperties) = preSolution
		HideSolutionNode = FALSE
	EndGlobalSection
	GlobalSection(ExtensibilityGlobals) = postSolution
		SolutionGuid = {60E13542-A89B-46F6-8093-8FEC249ECC39}
	EndGlobalSection
EndGlobal
